
Microsoft Visual Studio Solution File, Format Version 12.00
# Visual Studio Version 17
VisualStudioVersion = 17.9.34728.123
MinimumVisualStudioVersion = 10.0.40219.1
Project("{FAE04EC0-301F-11D3-BF4B-00C04F79EFBC}") = "AlzheimerWebAPI", "AlzheimerWebAPI\AlzheimerWebAPI.csproj", "{47830E8F-FDC5-4291-BA21-BAC36BDD626B}"
EndProject
Global
	GlobalSection(SolutionConfigurationPlatforms) = preSolution
		Debug|Any CPU = Debug|Any CPU
		Release|Any CPU = Release|Any CPU
	EndGlobalSection
	GlobalSection(ProjectConfigurationPlatforms) = postSolution
		{47830E8F-FDC5-4291-BA21-BAC36BDD626B}.Debug|Any CPU.ActiveCfg = Debug|Any CPU
		{47830E8F-FDC5-4291-BA21-BAC36BDD626B}.Debug|Any CPU.Build.0 = Debug|Any CPU
		{47830E8F-FDC5-4291-BA21-BAC36BDD626B}.Release|Any CPU.ActiveCfg = Release|Any CPU
		{47830E8F-FDC5-4291-BA21-BAC36BDD626B}.Release|Any CPU.Build.0 = Release|Any CPU
	EndGlobalSection
	GlobalSection(SolutionProperties) = preSolution
		HideSolutionNode = FALSE
	EndGlobalSection
	GlobalSection(ExtensibilityGlobals) = postSolution
		SolutionGuid = {8F3ED575-B4B7-4D9A-87F3-A1CCAB65E9FE}
	EndGlobalSection
EndGlobal
